
Microsoft Visual Studio Solution File, Format Version 12.00
# Visual Studio Version 16
VisualStudioVersion = 16.0.29215.179
MinimumVisualStudioVersion = 10.0.40219.1
Project("{FAE04EC0-301F-11D3-BF4B-00C04F79EFBC}") = "iterative", "iterative\iterative.csproj", "{B73A7005-052B-4076-8D76-DED5C419372D}"
EndProject
Global
	GlobalSection(SolutionConfigurationPlatforms) = preSolution
		Debug|Any CPU = Debug|Any CPU
		Release|Any CPU = Release|Any CPU
	EndGlobalSection
	GlobalSection(ProjectConfigurationPlatforms) = postSolution
		{B73A7005-052B-4076-8D76-DED5C419372D}.Debug|Any CPU.ActiveCfg = Debug|Any CPU
		{B73A7005-052B-4076-8D76-DED5C419372D}.Debug|Any CPU.Build.0 = Debug|Any CPU
		{B73A7005-052B-4076-8D76-DED5C419372D}.Release|Any CPU.ActiveCfg = Release|Any CPU
		{B73A7005-052B-4076-8D76-DED5C419372D}.Release|Any CPU.Build.0 = Release|Any CPU
	EndGlobalSection
	GlobalSection(SolutionProperties) = preSolution
		HideSolutionNode = FALSE
	EndGlobalSection
	GlobalSection(ExtensibilityGlobals) = postSolution
		SolutionGuid = {598C50C2-2A94-414D-AEA3-400DF531567F}
	EndGlobalSection
EndGlobal
